{
  "requires": true,
  "lockfileVersion": 1,
  "dependencies": {
    "reflect": {
      "version": "0.1.3",
      "resolved": "https://registry.npm.taobao.org/reflect/download/reflect-0.1.3.tgz",
      "integrity": "sha1-auczL+PJeleHctObhvlvlGLXFf4="
    },
    "reflect-metadata": {
      "version": "0.1.13",
      "resolved": "https://registry.npm.taobao.org/reflect-metadata/download/reflect-metadata-0.1.13.tgz",
      "integrity": "sha1-Z648pXyXKiqhZCsQ/jY/4y1J3Ag="
    }
  }
}
